
Microsoft Visual Studio Solution File, Format Version 12.00
# Visual Studio Version 16
VisualStudioVersion = 16.0.33927.289
MinimumVisualStudioVersion = 10.0.40219.1
Project("{FAE04EC0-301F-11D3-BF4B-00C04F79EFBC}") = "Wpf_Timer", "Wpf_Timer.csproj", "{44791D76-12BA-4B3A-9E77-E6BBE4D541E5}"
EndProject
Global
	GlobalSection(SolutionConfigurationPlatforms) = preSolution
		Debug|Any CPU = Debug|Any CPU
		Release|Any CPU = Release|Any CPU
	EndGlobalSection
	GlobalSection(ProjectConfigurationPlatforms) = postSolution
		{44791D76-12BA-4B3A-9E77-E6BBE4D541E5}.Debug|Any CPU.ActiveCfg = Debug|Any CPU
		{44791D76-12BA-4B3A-9E77-E6BBE4D541E5}.Debug|Any CPU.Build.0 = Debug|Any CPU
		{44791D76-12BA-4B3A-9E77-E6BBE4D541E5}.Release|Any CPU.ActiveCfg = Release|Any CPU
		{44791D76-12BA-4B3A-9E77-E6BBE4D541E5}.Release|Any CPU.Build.0 = Release|Any CPU
	EndGlobalSection
	GlobalSection(SolutionProperties) = preSolution
		HideSolutionNode = FALSE
	EndGlobalSection
	GlobalSection(ExtensibilityGlobals) = postSolution
		SolutionGuid = {BE208691-E03F-4FF1-AED3-1F4E4EDB8D20}
	EndGlobalSection
EndGlobal
